// !$*UTF8*$!
{
	archiveVersion = 1;
	classes = {
	};
	objectVersion = 50;
	objects = {

/* Begin PBXBuildFile section */
		DCBB4B6026AB876500982A45 /* AppDelegate.swift in Sources */ = {isa = PBXBuildFile; fileRef = DCBB4B5F26AB876500982A45 /* AppDelegate.swift */; };
		DCBB4B6226AB876500982A45 /* SceneDelegate.swift in Sources */ = {isa = PBXBuildFile; fileRef = DCBB4B6126AB876500982A45 /* SceneDelegate.swift */; };
		DCBB4B6426AB876500982A45 /* ViewController.swift in Sources */ = {isa = PBXBuildFile; fileRef = DCBB4B6326AB876500982A45 /* ViewController.swift */; };
		DCBB4B6726AB876500982A45 /* Main.storyboard in Resources */ = {isa = PBXBuildFile; fileRef = DCBB4B6526AB876500982A45 /* Main.storyboard */; };
		DCBB4B6926AB876700982A45 /* Assets.xcassets in Resources */ = {isa = PBXBuildFile; fileRef = DCBB4B6826AB876700982A45 /* Assets.xcassets */; };
		DCBB4B6C26AB876700982A45 /* LaunchScreen.storyboard in Resources */ = {isa = PBXBuildFile; fileRef = DCBB4B6A26AB876700982A45 /* LaunchScreen.storyboard */; };
		DCBB4B7426AB8D4D00982A45 /* Tela2ViewController.swift in Sources */ = {isa = PBXBuildFile; fileRef = DCBB4B7326AB8D4D00982A45 /* Tela2ViewController.swift */; };
/* End PBXBuildFile section */

/* Begin PBXFileReference section */
		DCBB4B5C26AB876500982A45 /* CicloVidaDemo.app */ = {isa = PBXFileReference; explicitFileType = wrapper.application; includeInIndex = 0; path = CicloVidaDemo.app; sourceTree = BUILT_PRODUCTS_DIR; };
		DCBB4B5F26AB876500982A45 /* AppDelegate.swift */ = {isa = PBXFileReference; lastKnownFileType = sourcecode.swift; path = AppDelegate.swift; sourceTree = "<group>"; };
		DCBB4B6126AB876500982A45 /* SceneDelegate.swift */ = {isa = PBXFileReference; lastKnownFileType = sourcecode.swift; path = SceneDelegate.swift; sourceTree = "<group>"; };
		DCBB4B6326AB876500982A45 /* ViewController.swift */ = {isa = PBXFileReference; lastKnownFileType = sourcecode.swift; path = ViewController.swift; sourceTree = "<group>"; };
		DCBB4B6626AB876500982A45 /* Base */ = {isa = PBXFileReference; lastKnownFileType = file.storyboard; name = Base; path = Base.lproj/Main.storyboard; sourceTree = "<group>"; };
		DCBB4B6826AB876700982A45 /* Assets.xcassets */ = {isa = PBXFileReference; lastKnownFileType = folder.assetcatalog; path = Assets.xcassets; sourceTree = "<group>"; };
		DCBB4B6B26AB876700982A45 /* Base */ = {isa = PBXFileReference; lastKnownFileType = file.storyboard; name = Base; path = Base.lproj/LaunchScreen.storyboard; sourceTree = "<group>"; };
		DCBB4B6D26AB876700982A45 /* Info.plist */ = {isa = PBXFileReference; lastKnownFileType = text.plist.xml; path = Info.plist; sourceTree = "<group>"; };
		DCBB4B7326AB8D4D00982A45 /* Tela2ViewController.swift */ = {isa = PBXFileReference; lastKnownFileType = sourcecode.swift; path = Tela2ViewController.swift; sourceTree = "<group>"; };
/* End PBXFileReference section */

/* Begin PBXFrameworksBuildPhase section */
		DCBB4B5926AB876500982A45 /* Frameworks */ = {
			isa = PBXFrameworksBuildPhase;
			buildActionMask = 2147483647;
			files = (
			);
			runOnlyForDeploymentPostprocessing = 0;
		};
/* End PBXFrameworksBuildPhase section */

/* Begin PBXGroup section */
		DCBB4B5326AB876500982A45 = {
			isa = PBXGroup;
			children = (
				DCBB4B5E26AB876500982A45 /* CicloVidaDemo */,
				DCBB4B5D26AB876500982A45 /* Products */,
			);
			sourceTree = "<group>";
		};
		DCBB4B5D26AB876500982A45 /* Products */ = {
			isa = PBXGroup;
			children = (
				DCBB4B5C26AB876500982A45 /* CicloVidaDemo.app */,
			);
			name = Products;
			sourceTree = "<group>";
		};
		DCBB4B5E26AB876500982A45 /* CicloVidaDemo */ = {
			isa = PBXGroup;
			children = (
				DCBB4B5F26AB876500982A45 /* AppDelegate.swift */,
				DCBB4B6126AB876500982A45 /* SceneDelegate.swift */,
				DCBB4B7626AB913300982A45 /* Models */,
				DCBB4B7726AB913B00982A45 /* Views */,
				DCBB4B7526AB912100982A45 /* Controllers */,
				DCBB4B6826AB876700982A45 /* Assets.xcassets */,
				DCBB4B6D26AB876700982A45 /* Info.plist */,
			);
			path = CicloVidaDemo;
			sourceTree = "<group>";
		};
		DCBB4B7526AB912100982A45 /* Controllers */ = {
			isa = PBXGroup;
			children = (
				DCBB4B6326AB876500982A45 /* ViewController.swift */,
				DCBB4B7326AB8D4D00982A45 /* Tela2ViewController.swift */,
			);
			name = Controllers;
			sourceTree = "<group>";
		};
		DCBB4B7626AB913300982A45 /* Models */ = {
			isa = PBXGroup;
			children = (
			);
			name = Models;
			sourceTree = "<group>";
		};
		DCBB4B7726AB913B00982A45 /* Views */ = {
			isa = PBXGroup;
			children = (
				DCBB4B6526AB876500982A45 /* Main.storyboard */,
				DCBB4B6A26AB876700982A45 /* LaunchScreen.storyboard */,
			);
			name = Views;
			sourceTree = "<group>";
		};
/* End PBXGroup section */

/* Begin PBXNativeTarget section */
		DCBB4B5B26AB876500982A45 /* CicloVidaDemo */ = {
			isa = PBXNativeTarget;
			buildConfigurationList = DCBB4B7026AB876700982A45 /* Build configuration list for PBXNativeTarget "CicloVidaDemo" */;
			buildPhases = (
				DCBB4B5826AB876500982A45 /* Sources */,
				DCBB4B5926AB876500982A45 /* Frameworks */,
				DCBB4B5A26AB876500982A45 /* Resources */,
			);
			buildRules = (
			);
			dependencies = (
			);
			name = CicloVidaDemo;
			productName = CicloVidaDemo;
			productReference = DCBB4B5C26AB876500982A45 /* CicloVidaDemo.app */;
			productType = "com.apple.product-type.application";
		};
/* End PBXNativeTarget section */

/* Begin PBXProject section */
		DCBB4B5426AB876500982A45 /* Project object */ = {
			isa = PBXProject;
			attributes = {
				LastSwiftUpdateCheck = 1250;
				LastUpgradeCheck = 1250;
				TargetAttributes = {
					DCBB4B5B26AB876500982A45 = {
						CreatedOnToolsVersion = 12.5.1;
					};
				};
			};
			buildConfigurationList = DCBB4B5726AB876500982A45 /* Build configuration list for PBXProject "CicloVidaDemo" */;
			compatibilityVersion = "Xcode 9.3";
			developmentRegion = en;
			hasScannedForEncodings = 0;
			knownRegions = (
				en,
				Base,
			);
			mainGroup = DCBB4B5326AB876500982A45;
			productRefGroup = DCBB4B5D26AB876500982A45 /* Products */;
			projectDirPath = "";
			projectRoot = "";
			targets = (
				DCBB4B5B26AB876500982A45 /* CicloVidaDemo */,
			);
		};
/* End PBXProject section */

/* Begin PBXResourcesBuildPhase section */
		DCBB4B5A26AB876500982A45 /* Resources */ = {
			isa = PBXResourcesBuildPhase;
			buildActionMask = 2147483647;
			files = (
				DCBB4B6C26AB876700982A45 /* LaunchScreen.storyboard in Resources */,
				DCBB4B6926AB876700982A45 /* Assets.xcassets in Resources */,
				DCBB4B6726AB876500982A45 /* Main.storyboard in Resources */,
			);
			runOnlyForDeploymentPostprocessing = 0;
		};
/* End PBXResourcesBuildPhase section */

/* Begin PBXSourcesBuildPhase section */
		DCBB4B5826AB876500982A45 /* Sources */ = {
			isa = PBXSourcesBuildPhase;
			buildActionMask = 2147483647;
			files = (
				DCBB4B6426AB876500982A45 /* ViewController.swift in Sources */,
				DCBB4B6026AB876500982A45 /* AppDelegate.swift in Sources */,
				DCBB4B6226AB876500982A45 /* SceneDelegate.swift in Sources */,
				DCBB4B7426AB8D4D00982A45 /* Tela2ViewController.swift in Sources */,
			);
			runOnlyForDeploymentPostprocessing = 0;
		};
/* End PBXSourcesBuildPhase section */

/* Begin PBXVariantGroup section */
		DCBB4B6526AB876500982A45 /* Main.storyboard */ = {
			isa = PBXVariantGroup;
			children = (
				DCBB4B6626AB876500982A45 /* Base */,
			);
			name = Main.storyboard;
			sourceTree = "<group>";
		};
		DCBB4B6A26AB876700982A45 /* LaunchScreen.storyboard */ = {
			isa = PBXVariantGroup;
			children = (
				DCBB4B6B26AB876700982A45 /* Base */,
			);
			name = LaunchScreen.storyboard;
			sourceTree = "<group>";
		};
/* End PBXVariantGroup section */

/* Begin XCBuildConfiguration section */
		DCBB4B6E26AB876700982A45 /* Debug */ = {
			isa = XCBuildConfiguration;
			buildSettings = {
				ALWAYS_SEARCH_USER_PATHS = NO;
				CLANG_ANALYZER_NONNULL = YES;
				CLANG_ANALYZER_NUMBER_OBJECT_CONVERSION = YES_AGGRESSIVE;
				CLANG_CXX_LANGUAGE_STANDARD = "gnu++14";
				CLANG_CXX_LIBRARY = "libc++";
				CLANG_ENABLE_MODULES = YES;
				CLANG_ENABLE_OBJC_ARC = YES;
				CLANG_ENABLE_OBJC_WEAK = YES;
				CLANG_WARN_BLOCK_CAPTURE_AUTORELEASING = YES;
				CLANG_WARN_BOOL_CONVERSION = YES;
				CLANG_WARN_COMMA = YES;
				CLANG_WARN_CONSTANT_CONVERSION = YES;
				CLANG_WARN_DEPRECATED_OBJC_IMPLEMENTATIONS = YES;
				CLANG_WARN_DIRECT_OBJC_ISA_USAGE = YES_ERROR;
				CLANG_WARN_DOCUMENTATION_COMMENTS = YES;
				CLANG_WARN_EMPTY_BODY = YES;
				CLANG_WARN_ENUM_CONVERSION = YES;
				CLANG_WARN_INFINITE_RECURSION = YES;
				CLANG_WARN_INT_CONVERSION = YES;
				CLANG_WARN_NON_LITERAL_NULL_CONVERSION = YES;
				CLANG_WARN_OBJC_IMPLICIT_RETAIN_SELF = YES;
				CLANG_WARN_OBJC_LITERAL_CONVERSION = YES;
				CLANG_WARN_OBJC_ROOT_CLASS = YES_ERROR;
				CLANG_WARN_QUOTED_INCLUDE_IN_FRAMEWORK_HEADER = YES;
				CLANG_WARN_RANGE_LOOP_ANALYSIS = YES;
				CLANG_WARN_STRICT_PROTOTYPES = YES;
				CLANG_WARN_SUSPICIOUS_MOVE = YES;
				CLANG_WARN_UNGUARDED_AVAILABILITY = YES_AGGRESSIVE;
				CLANG_WARN_UNREACHABLE_CODE = YES;
				CLANG_WARN__DUPLICATE_METHOD_MATCH = YES;
				COPY_PHASE_STRIP = NO;
				DEBUG_INFORMATION_FORMAT = dwarf;
				ENABLE_STRICT_OBJC_MSGSEND = YES;
				ENABLE_TESTABILITY = YES;
				GCC_C_LANGUAGE_STANDARD = gnu11;
				GCC_DYNAMIC_NO_PIC = NO;
				GCC_NO_COMMON_BLOCKS = YES;
				GCC_OPTIMIZATION_LEVEL = 0;
				GCC_PREPROCESSOR_DEFINITIONS = (
					"DEBUG=1",
					"$(inherited)",
				);
				GCC_WARN_64_TO_32_BIT_CONVERSION = YES;
				GCC_WARN_ABOUT_RETURN_TYPE = YES_ERROR;
				GCC_WARN_UNDECLARED_SELECTOR = YES;
				GCC_WARN_UNINITIALIZED_AUTOS = YES_AGGRESSIVE;
				GCC_WARN_UNUSED_FUNCTION = YES;
				GCC_WARN_UNUSED_VARIABLE = YES;
				IPHONEOS_DEPLOYMENT_TARGET = 14.5;
				MTL_ENABLE_DEBUG_INFO = INCLUDE_SOURCE;
				MTL_FAST_MATH = YES;
				ONLY_ACTIVE_ARCH = YES;
				SDKROOT = iphoneos;
				SWIFT_ACTIVE_COMPILATION_CONDITIONS = DEBUG;
				SWIFT_OPTIMIZATION_LEVEL = "-Onone";
			};
			name = Debug;
		};
		DCBB4B6F26AB876700982A45 /* Release */ = {
			isa = XCBuildConfiguration;
			buildSettings = {
				ALWAYS_SEARCH_USER_PATHS = NO;
				CLANG_ANALYZER_NONNULL = YES;
				CLANG_ANALYZER_NUMBER_OBJECT_CONVERSION = YES_AGGRESSIVE;
				CLANG_CXX_LANGUAGE_STANDARD = "gnu++14";
				CLANG_CXX_LIBRARY = "libc++";
				CLANG_ENABLE_MODULES = YES;
				CLANG_ENABLE_OBJC_ARC = YES;
				CLANG_ENABLE_OBJC_WEAK = YES;
				CLANG_WARN_BLOCK_CAPTURE_AUTORELEASING = YES;
				CLANG_WARN_BOOL_CONVERSION = YES;
				CLANG_WARN_COMMA = YES;
				CLANG_WARN_CONSTANT_CONVERSION = YES;
				CLANG_WARN_DEPRECATED_OBJC_IMPLEMENTATIONS = YES;
				CLANG_WARN_DIRECT_OBJC_ISA_USAGE = YES_ERROR;
				CLANG_WARN_DOCUMENTATION_COMMENTS = YES;
				CLANG_WARN_EMPTY_BODY = YES;
				CLANG_WARN_ENUM_CONVERSION = YES;
				CLANG_WARN_INFINITE_RECURSION = YES;
				CLANG_WARN_INT_CONVERSION = YES;
				CLANG_WARN_NON_LITERAL_NULL_CONVERSION = YES;
				CLANG_WARN_OBJC_IMPLICIT_RETAIN_SELF = YES;
				CLANG_WARN_OBJC_LITERAL_CONVERSION = YES;
				CLANG_WARN_OBJC_ROOT_CLASS = YES_ERROR;
				CLANG_WARN_QUOTED_INCLUDE_IN_FRAMEWORK_HEADER = YES;
				CLANG_WARN_RANGE_LOOP_ANALYSIS = YES;
				CLANG_WARN_STRICT_PROTOTYPES = YES;
				CLANG_WARN_SUSPICIOUS_MOVE = YES;
				CLANG_WARN_UNGUARDED_AVAILABILITY = YES_AGGRESSIVE;
				CLANG_WARN_UNREACHABLE_CODE = YES;
				CLANG_WARN__DUPLICATE_METHOD_MATCH = YES;
				COPY_PHASE_STRIP = NO;
				DEBUG_INFORMATION_FORMAT = "dwarf-with-dsym";
				ENABLE_NS_ASSERTIONS = NO;
				ENABLE_STRICT_OBJC_MSGSEND = YES;
				GCC_C_LANGUAGE_STANDARD = gnu11;
				GCC_NO_COMMON_BLOCKS = YES;
				GCC_WARN_64_TO_32_BIT_CONVERSION = YES;
				GCC_WARN_ABOUT_RETURN_TYPE = YES_ERROR;
				GCC_WARN_UNDECLARED_SELECTOR = YES;
				GCC_WARN_UNINITIALIZED_AUTOS = YES_AGGRESSIVE;
				GCC_WARN_UNUSED_FUNCTION = YES;
				GCC_WARN_UNUSED_VARIABLE = YES;
				IPHONEOS_DEPLOYMENT_TARGET = 14.5;
				MTL_ENABLE_DEBUG_INFO = NO;
				MTL_FAST_MATH = YES;
				SDKROOT = iphoneos;
				SWIFT_COMPILATION_MODE = wholemodule;
				SWIFT_OPTIMIZATION_LEVEL = "-O";
				VALIDATE_PRODUCT = YES;
			};
			name = Release;
		};
		DCBB4B7126AB876700982A45 /* Debug */ = {
			isa = XCBuildConfiguration;
			buildSettings = {
				ASSETCATALOG_COMPILER_APPICON_NAME = AppIcon;
				ASSETCATALOG_COMPILER_GLOBAL_ACCENT_COLOR_NAME = AccentColor;
				CODE_SIGN_STYLE = Automatic;
				INFOPLIST_FILE = CicloVidaDemo/Info.plist;
				LD_RUNPATH_SEARCH_PATHS = (
					"$(inherited)",
					"@executable_path/Frameworks",
				);
				PRODUCT_BUNDLE_IDENTIFIER = "CESAR-School.CicloVidaDemo";
				PRODUCT_NAME = "$(TARGET_NAME)";
				SWIFT_VERSION = 5.0;
				TARGETED_DEVICE_FAMILY = "1,2";
			};
			name = Debug;
		};
		DCBB4B7226AB876700982A45 /* Release */ = {
			isa = XCBuildConfiguration;
			buildSettings = {
				ASSETCATALOG_COMPILER_APPICON_NAME = AppIcon;
				ASSETCATALOG_COMPILER_GLOBAL_ACCENT_COLOR_NAME = AccentColor;
				CODE_SIGN_STYLE = Automatic;
				INFOPLIST_FILE = CicloVidaDemo/Info.plist;
				LD_RUNPATH_SEARCH_PATHS = (
					"$(inherited)",
					"@executable_path/Frameworks",
				);
				PRODUCT_BUNDLE_IDENTIFIER = "CESAR-School.CicloVidaDemo";
				PRODUCT_NAME = "$(TARGET_NAME)";
				SWIFT_VERSION = 5.0;
				TARGETED_DEVICE_FAMILY = "1,2";
			};
			name = Release;
		};
/* End XCBuildConfiguration section */

/* Begin XCConfigurationList section */
		DCBB4B5726AB876500982A45 /* Build configuration list for PBXProject "CicloVidaDemo" */ = {
			isa = XCConfigurationList;
			buildConfigurations = (
				DCBB4B6E26AB876700982A45 /* Debug */,
				DCBB4B6F26AB876700982A45 /* Release */,
			);
			defaultConfigurationIsVisible = 0;
			defaultConfigurationName = Release;
		};
		DCBB4B7026AB876700982A45 /* Build configuration list for PBXNativeTarget "CicloVidaDemo" */ = {
			isa = XCConfigurationList;
			buildConfigurations = (
				DCBB4B7126AB876700982A45 /* Debug */,
				DCBB4B7226AB876700982A45 /* Release */,
			);
			defaultConfigurationIsVisible = 0;
			defaultConfigurationName = Release;
		};
/* End XCConfigurationList section */
	};
	rootObject = DCBB4B5426AB876500982A45 /* Project object */;
}
