// !$*UTF8*$!
{
	archiveVersion = 1;
	classes = {
	};
	objectVersion = 50;
	objects = {

/* Begin PBXBuildFile section */
		ED0771BB26BEC85A00F555E1 /* PasswordViewController.swift in Sources */ = {isa = PBXBuildFile; fileRef = ED0771BA26BEC85A00F555E1 /* PasswordViewController.swift */; };
		ED0771BE26BECCD700F555E1 /* SecurityTipsViewController.swift in Sources */ = {isa = PBXBuildFile; fileRef = ED0771BD26BECCD700F555E1 /* SecurityTipsViewController.swift */; };
		ED0771C126BECDC000F555E1 /* PasswordGenerator.swift in Sources */ = {isa = PBXBuildFile; fileRef = ED0771C026BECDC000F555E1 /* PasswordGenerator.swift */; };
		ED581C4126BEA9FF000C7CED /* AppDelegate.swift in Sources */ = {isa = PBXBuildFile; fileRef = ED581C4026BEA9FF000C7CED /* AppDelegate.swift */; };
		ED581C4326BEA9FF000C7CED /* SceneDelegate.swift in Sources */ = {isa = PBXBuildFile; fileRef = ED581C4226BEA9FF000C7CED /* SceneDelegate.swift */; };
		ED581C4526BEA9FF000C7CED /* ViewController.swift in Sources */ = {isa = PBXBuildFile; fileRef = ED581C4426BEA9FF000C7CED /* ViewController.swift */; };
		ED581C4826BEA9FF000C7CED /* Main.storyboard in Resources */ = {isa = PBXBuildFile; fileRef = ED581C4626BEA9FF000C7CED /* Main.storyboard */; };
		ED581C4A26BEAA01000C7CED /* Assets.xcassets in Resources */ = {isa = PBXBuildFile; fileRef = ED581C4926BEAA01000C7CED /* Assets.xcassets */; };
		ED581C4D26BEAA01000C7CED /* LaunchScreen.storyboard in Resources */ = {isa = PBXBuildFile; fileRef = ED581C4B26BEAA01000C7CED /* LaunchScreen.storyboard */; };
/* End PBXBuildFile section */

/* Begin PBXFileReference section */
		ED0771BA26BEC85A00F555E1 /* PasswordViewController.swift */ = {isa = PBXFileReference; lastKnownFileType = sourcecode.swift; path = PasswordViewController.swift; sourceTree = "<group>"; };
		ED0771BD26BECCD700F555E1 /* SecurityTipsViewController.swift */ = {isa = PBXFileReference; lastKnownFileType = sourcecode.swift; path = SecurityTipsViewController.swift; sourceTree = "<group>"; };
		ED0771C026BECDC000F555E1 /* PasswordGenerator.swift */ = {isa = PBXFileReference; lastKnownFileType = sourcecode.swift; path = PasswordGenerator.swift; sourceTree = "<group>"; };
		ED581C3D26BEA9FF000C7CED /* SuperSenha.app */ = {isa = PBXFileReference; explicitFileType = wrapper.application; includeInIndex = 0; path = SuperSenha.app; sourceTree = BUILT_PRODUCTS_DIR; };
		ED581C4026BEA9FF000C7CED /* AppDelegate.swift */ = {isa = PBXFileReference; lastKnownFileType = sourcecode.swift; path = AppDelegate.swift; sourceTree = "<group>"; };
		ED581C4226BEA9FF000C7CED /* SceneDelegate.swift */ = {isa = PBXFileReference; lastKnownFileType = sourcecode.swift; path = SceneDelegate.swift; sourceTree = "<group>"; };
		ED581C4426BEA9FF000C7CED /* ViewController.swift */ = {isa = PBXFileReference; lastKnownFileType = sourcecode.swift; path = ViewController.swift; sourceTree = "<group>"; };
		ED581C4726BEA9FF000C7CED /* Base */ = {isa = PBXFileReference; lastKnownFileType = file.storyboard; name = Base; path = Base.lproj/Main.storyboard; sourceTree = "<group>"; };
		ED581C4926BEAA01000C7CED /* Assets.xcassets */ = {isa = PBXFileReference; lastKnownFileType = folder.assetcatalog; path = Assets.xcassets; sourceTree = "<group>"; };
		ED581C4C26BEAA01000C7CED /* Base */ = {isa = PBXFileReference; lastKnownFileType = file.storyboard; name = Base; path = Base.lproj/LaunchScreen.storyboard; sourceTree = "<group>"; };
		ED581C4E26BEAA01000C7CED /* Info.plist */ = {isa = PBXFileReference; lastKnownFileType = text.plist.xml; path = Info.plist; sourceTree = "<group>"; };
/* End PBXFileReference section */

/* Begin PBXFrameworksBuildPhase section */
		ED581C3A26BEA9FF000C7CED /* Frameworks */ = {
			isa = PBXFrameworksBuildPhase;
			buildActionMask = 2147483647;
			files = (
			);
			runOnlyForDeploymentPostprocessing = 0;
		};
/* End PBXFrameworksBuildPhase section */

/* Begin PBXGroup section */
		ED581C3426BEA9FF000C7CED = {
			isa = PBXGroup;
			children = (
				ED581C3F26BEA9FF000C7CED /* SuperSenha */,
				ED581C3E26BEA9FF000C7CED /* Products */,
			);
			sourceTree = "<group>";
		};
		ED581C3E26BEA9FF000C7CED /* Products */ = {
			isa = PBXGroup;
			children = (
				ED581C3D26BEA9FF000C7CED /* SuperSenha.app */,
			);
			name = Products;
			sourceTree = "<group>";
		};
		ED581C3F26BEA9FF000C7CED /* SuperSenha */ = {
			isa = PBXGroup;
			children = (
				ED581C4026BEA9FF000C7CED /* AppDelegate.swift */,
				ED581C4226BEA9FF000C7CED /* SceneDelegate.swift */,
				ED581C4426BEA9FF000C7CED /* ViewController.swift */,
				ED581C4626BEA9FF000C7CED /* Main.storyboard */,
				ED581C4926BEAA01000C7CED /* Assets.xcassets */,
				ED581C4B26BEAA01000C7CED /* LaunchScreen.storyboard */,
				ED581C4E26BEAA01000C7CED /* Info.plist */,
				ED0771BA26BEC85A00F555E1 /* PasswordViewController.swift */,
				ED0771BD26BECCD700F555E1 /* SecurityTipsViewController.swift */,
				ED0771C026BECDC000F555E1 /* PasswordGenerator.swift */,
			);
			path = SuperSenha;
			sourceTree = "<group>";
		};
/* End PBXGroup section */

/* Begin PBXNativeTarget section */
		ED581C3C26BEA9FF000C7CED /* SuperSenha */ = {
			isa = PBXNativeTarget;
			buildConfigurationList = ED581C5126BEAA01000C7CED /* Build configuration list for PBXNativeTarget "SuperSenha" */;
			buildPhases = (
				ED581C3926BEA9FF000C7CED /* Sources */,
				ED581C3A26BEA9FF000C7CED /* Frameworks */,
				ED581C3B26BEA9FF000C7CED /* Resources */,
			);
			buildRules = (
			);
			dependencies = (
			);
			name = SuperSenha;
			productName = SuperSenha;
			productReference = ED581C3D26BEA9FF000C7CED /* SuperSenha.app */;
			productType = "com.apple.product-type.application";
		};
/* End PBXNativeTarget section */

/* Begin PBXProject section */
		ED581C3526BEA9FF000C7CED /* Project object */ = {
			isa = PBXProject;
			attributes = {
				LastSwiftUpdateCheck = 1240;
				LastUpgradeCheck = 1240;
				TargetAttributes = {
					ED581C3C26BEA9FF000C7CED = {
						CreatedOnToolsVersion = 12.4;
					};
				};
			};
			buildConfigurationList = ED581C3826BEA9FF000C7CED /* Build configuration list for PBXProject "SuperSenha" */;
			compatibilityVersion = "Xcode 9.3";
			developmentRegion = en;
			hasScannedForEncodings = 0;
			knownRegions = (
				en,
				Base,
			);
			mainGroup = ED581C3426BEA9FF000C7CED;
			productRefGroup = ED581C3E26BEA9FF000C7CED /* Products */;
			projectDirPath = "";
			projectRoot = "";
			targets = (
				ED581C3C26BEA9FF000C7CED /* SuperSenha */,
			);
		};
/* End PBXProject section */

/* Begin PBXResourcesBuildPhase section */
		ED581C3B26BEA9FF000C7CED /* Resources */ = {
			isa = PBXResourcesBuildPhase;
			buildActionMask = 2147483647;
			files = (
				ED581C4D26BEAA01000C7CED /* LaunchScreen.storyboard in Resources */,
				ED581C4A26BEAA01000C7CED /* Assets.xcassets in Resources */,
				ED581C4826BEA9FF000C7CED /* Main.storyboard in Resources */,
			);
			runOnlyForDeploymentPostprocessing = 0;
		};
/* End PBXResourcesBuildPhase section */

/* Begin PBXSourcesBuildPhase section */
		ED581C3926BEA9FF000C7CED /* Sources */ = {
			isa = PBXSourcesBuildPhase;
			buildActionMask = 2147483647;
			files = (
				ED581C4526BEA9FF000C7CED /* ViewController.swift in Sources */,
				ED0771BB26BEC85A00F555E1 /* PasswordViewController.swift in Sources */,
				ED0771C126BECDC000F555E1 /* PasswordGenerator.swift in Sources */,
				ED581C4126BEA9FF000C7CED /* AppDelegate.swift in Sources */,
				ED581C4326BEA9FF000C7CED /* SceneDelegate.swift in Sources */,
				ED0771BE26BECCD700F555E1 /* SecurityTipsViewController.swift in Sources */,
			);
			runOnlyForDeploymentPostprocessing = 0;
		};
/* End PBXSourcesBuildPhase section */

/* Begin PBXVariantGroup section */
		ED581C4626BEA9FF000C7CED /* Main.storyboard */ = {
			isa = PBXVariantGroup;
			children = (
				ED581C4726BEA9FF000C7CED /* Base */,
			);
			name = Main.storyboard;
			sourceTree = "<group>";
		};
		ED581C4B26BEAA01000C7CED /* LaunchScreen.storyboard */ = {
			isa = PBXVariantGroup;
			children = (
				ED581C4C26BEAA01000C7CED /* Base */,
			);
			name = LaunchScreen.storyboard;
			sourceTree = "<group>";
		};
/* End PBXVariantGroup section */

/* Begin XCBuildConfiguration section */
		ED581C4F26BEAA01000C7CED /* Debug */ = {
			isa = XCBuildConfiguration;
			buildSettings = {
				ALWAYS_SEARCH_USER_PATHS = NO;
				CLANG_ANALYZER_NONNULL = YES;
				CLANG_ANALYZER_NUMBER_OBJECT_CONVERSION = YES_AGGRESSIVE;
				CLANG_CXX_LANGUAGE_STANDARD = "gnu++14";
				CLANG_CXX_LIBRARY = "libc++";
				CLANG_ENABLE_MODULES = YES;
				CLANG_ENABLE_OBJC_ARC = YES;
				CLANG_ENABLE_OBJC_WEAK = YES;
				CLANG_WARN_BLOCK_CAPTURE_AUTORELEASING = YES;
				CLANG_WARN_BOOL_CONVERSION = YES;
				CLANG_WARN_COMMA = YES;
				CLANG_WARN_CONSTANT_CONVERSION = YES;
				CLANG_WARN_DEPRECATED_OBJC_IMPLEMENTATIONS = YES;
				CLANG_WARN_DIRECT_OBJC_ISA_USAGE = YES_ERROR;
				CLANG_WARN_DOCUMENTATION_COMMENTS = YES;
				CLANG_WARN_EMPTY_BODY = YES;
				CLANG_WARN_ENUM_CONVERSION = YES;
				CLANG_WARN_INFINITE_RECURSION = YES;
				CLANG_WARN_INT_CONVERSION = YES;
				CLANG_WARN_NON_LITERAL_NULL_CONVERSION = YES;
				CLANG_WARN_OBJC_IMPLICIT_RETAIN_SELF = YES;
				CLANG_WARN_OBJC_LITERAL_CONVERSION = YES;
				CLANG_WARN_OBJC_ROOT_CLASS = YES_ERROR;
				CLANG_WARN_QUOTED_INCLUDE_IN_FRAMEWORK_HEADER = YES;
				CLANG_WARN_RANGE_LOOP_ANALYSIS = YES;
				CLANG_WARN_STRICT_PROTOTYPES = YES;
				CLANG_WARN_SUSPICIOUS_MOVE = YES;
				CLANG_WARN_UNGUARDED_AVAILABILITY = YES_AGGRESSIVE;
				CLANG_WARN_UNREACHABLE_CODE = YES;
				CLANG_WARN__DUPLICATE_METHOD_MATCH = YES;
				COPY_PHASE_STRIP = NO;
				DEBUG_INFORMATION_FORMAT = dwarf;
				ENABLE_STRICT_OBJC_MSGSEND = YES;
				ENABLE_TESTABILITY = YES;
				GCC_C_LANGUAGE_STANDARD = gnu11;
				GCC_DYNAMIC_NO_PIC = NO;
				GCC_NO_COMMON_BLOCKS = YES;
				GCC_OPTIMIZATION_LEVEL = 0;
				GCC_PREPROCESSOR_DEFINITIONS = (
					"DEBUG=1",
					"$(inherited)",
				);
				GCC_WARN_64_TO_32_BIT_CONVERSION = YES;
				GCC_WARN_ABOUT_RETURN_TYPE = YES_ERROR;
				GCC_WARN_UNDECLARED_SELECTOR = YES;
				GCC_WARN_UNINITIALIZED_AUTOS = YES_AGGRESSIVE;
				GCC_WARN_UNUSED_FUNCTION = YES;
				GCC_WARN_UNUSED_VARIABLE = YES;
				IPHONEOS_DEPLOYMENT_TARGET = 14.4;
				MTL_ENABLE_DEBUG_INFO = INCLUDE_SOURCE;
				MTL_FAST_MATH = YES;
				ONLY_ACTIVE_ARCH = YES;
				SDKROOT = iphoneos;
				SWIFT_ACTIVE_COMPILATION_CONDITIONS = DEBUG;
				SWIFT_OPTIMIZATION_LEVEL = "-Onone";
			};
			name = Debug;
		};
		ED581C5026BEAA01000C7CED /* Release */ = {
			isa = XCBuildConfiguration;
			buildSettings = {
				ALWAYS_SEARCH_USER_PATHS = NO;
				CLANG_ANALYZER_NONNULL = YES;
				CLANG_ANALYZER_NUMBER_OBJECT_CONVERSION = YES_AGGRESSIVE;
				CLANG_CXX_LANGUAGE_STANDARD = "gnu++14";
				CLANG_CXX_LIBRARY = "libc++";
				CLANG_ENABLE_MODULES = YES;
				CLANG_ENABLE_OBJC_ARC = YES;
				CLANG_ENABLE_OBJC_WEAK = YES;
				CLANG_WARN_BLOCK_CAPTURE_AUTORELEASING = YES;
				CLANG_WARN_BOOL_CONVERSION = YES;
				CLANG_WARN_COMMA = YES;
				CLANG_WARN_CONSTANT_CONVERSION = YES;
				CLANG_WARN_DEPRECATED_OBJC_IMPLEMENTATIONS = YES;
				CLANG_WARN_DIRECT_OBJC_ISA_USAGE = YES_ERROR;
				CLANG_WARN_DOCUMENTATION_COMMENTS = YES;
				CLANG_WARN_EMPTY_BODY = YES;
				CLANG_WARN_ENUM_CONVERSION = YES;
				CLANG_WARN_INFINITE_RECURSION = YES;
				CLANG_WARN_INT_CONVERSION = YES;
				CLANG_WARN_NON_LITERAL_NULL_CONVERSION = YES;
				CLANG_WARN_OBJC_IMPLICIT_RETAIN_SELF = YES;
				CLANG_WARN_OBJC_LITERAL_CONVERSION = YES;
				CLANG_WARN_OBJC_ROOT_CLASS = YES_ERROR;
				CLANG_WARN_QUOTED_INCLUDE_IN_FRAMEWORK_HEADER = YES;
				CLANG_WARN_RANGE_LOOP_ANALYSIS = YES;
				CLANG_WARN_STRICT_PROTOTYPES = YES;
				CLANG_WARN_SUSPICIOUS_MOVE = YES;
				CLANG_WARN_UNGUARDED_AVAILABILITY = YES_AGGRESSIVE;
				CLANG_WARN_UNREACHABLE_CODE = YES;
				CLANG_WARN__DUPLICATE_METHOD_MATCH = YES;
				COPY_PHASE_STRIP = NO;
				DEBUG_INFORMATION_FORMAT = "dwarf-with-dsym";
				ENABLE_NS_ASSERTIONS = NO;
				ENABLE_STRICT_OBJC_MSGSEND = YES;
				GCC_C_LANGUAGE_STANDARD = gnu11;
				GCC_NO_COMMON_BLOCKS = YES;
				GCC_WARN_64_TO_32_BIT_CONVERSION = YES;
				GCC_WARN_ABOUT_RETURN_TYPE = YES_ERROR;
				GCC_WARN_UNDECLARED_SELECTOR = YES;
				GCC_WARN_UNINITIALIZED_AUTOS = YES_AGGRESSIVE;
				GCC_WARN_UNUSED_FUNCTION = YES;
				GCC_WARN_UNUSED_VARIABLE = YES;
				IPHONEOS_DEPLOYMENT_TARGET = 14.4;
				MTL_ENABLE_DEBUG_INFO = NO;
				MTL_FAST_MATH = YES;
				SDKROOT = iphoneos;
				SWIFT_COMPILATION_MODE = wholemodule;
				SWIFT_OPTIMIZATION_LEVEL = "-O";
				VALIDATE_PRODUCT = YES;
			};
			name = Release;
		};
		ED581C5226BEAA01000C7CED /* Debug */ = {
			isa = XCBuildConfiguration;
			buildSettings = {
				ASSETCATALOG_COMPILER_APPICON_NAME = AppIcon;
				ASSETCATALOG_COMPILER_GLOBAL_ACCENT_COLOR_NAME = AccentColor;
				CODE_SIGN_STYLE = Automatic;
				INFOPLIST_FILE = SuperSenha/Info.plist;
				IPHONEOS_DEPLOYMENT_TARGET = 14.4;
				LD_RUNPATH_SEARCH_PATHS = (
					"$(inherited)",
					"@executable_path/Frameworks",
				);
				PRODUCT_BUNDLE_IDENTIFIER = cesar.school.devapp2020.1.SuperSenha;
				PRODUCT_NAME = "$(TARGET_NAME)";
				SWIFT_VERSION = 5.0;
				TARGETED_DEVICE_FAMILY = 1;
			};
			name = Debug;
		};
		ED581C5326BEAA01000C7CED /* Release */ = {
			isa = XCBuildConfiguration;
			buildSettings = {
				ASSETCATALOG_COMPILER_APPICON_NAME = AppIcon;
				ASSETCATALOG_COMPILER_GLOBAL_ACCENT_COLOR_NAME = AccentColor;
				CODE_SIGN_STYLE = Automatic;
				INFOPLIST_FILE = SuperSenha/Info.plist;
				IPHONEOS_DEPLOYMENT_TARGET = 14.4;
				LD_RUNPATH_SEARCH_PATHS = (
					"$(inherited)",
					"@executable_path/Frameworks",
				);
				PRODUCT_BUNDLE_IDENTIFIER = cesar.school.devapp2020.1.SuperSenha;
				PRODUCT_NAME = "$(TARGET_NAME)";
				SWIFT_VERSION = 5.0;
				TARGETED_DEVICE_FAMILY = 1;
			};
			name = Release;
		};
/* End XCBuildConfiguration section */

/* Begin XCConfigurationList section */
		ED581C3826BEA9FF000C7CED /* Build configuration list for PBXProject "SuperSenha" */ = {
			isa = XCConfigurationList;
			buildConfigurations = (
				ED581C4F26BEAA01000C7CED /* Debug */,
				ED581C5026BEAA01000C7CED /* Release */,
			);
			defaultConfigurationIsVisible = 0;
			defaultConfigurationName = Release;
		};
		ED581C5126BEAA01000C7CED /* Build configuration list for PBXNativeTarget "SuperSenha" */ = {
			isa = XCConfigurationList;
			buildConfigurations = (
				ED581C5226BEAA01000C7CED /* Debug */,
				ED581C5326BEAA01000C7CED /* Release */,
			);
			defaultConfigurationIsVisible = 0;
			defaultConfigurationName = Release;
		};
/* End XCConfigurationList section */
	};
	rootObject = ED581C3526BEA9FF000C7CED /* Project object */;
}
